<Solution>
  <Folder Name="/src/">
    <Project Path="src/GunGameArena.Core/GunGameArena.Core.csproj" />
    <Project Path="src/GunGameArena/GunGameArena.csproj" />
  </Folder>
  <Folder Name="/tests/">
    <Project Path="tests/GunGameArena.Core.Tests/GunGameArena.Core.Tests.csproj" />
  </Folder>
</Solution>
